
Microsoft Visual Studio Solution File, Format Version 12.00
# Visual Studio Version 16
VisualStudioVersion = 16.0.30011.22
MinimumVisualStudioVersion = 10.0.40219.1
Project("{9A19103F-16F7-4668-BE54-9A1E7A4F7556}") = "EngineersHelperTests", "Engineers-Helper Tests\EngineersHelperTests.csproj", "{FAA40016-254A-4705-A5CA-3B9299036BFF}"
EndProject
Project("{9A19103F-16F7-4668-BE54-9A1E7A4F7556}") = "Engineers_Helper", "Engineers Helper\Engineers_Helper.csproj", "{D85041BD-3EA4-472C-87D9-63BC4D5D63A6}"
EndProject
Project("{FAE04EC0-301F-11D3-BF4B-00C04F79EFBC}") = "EngineersHelper_Library", "EngineersHelper_Library\EngineersHelper_Library.csproj", "{8A3ECE3E-BECA-464A-AE0D-5D87322B28F9}"
EndProject
Global
	GlobalSection(SolutionConfigurationPlatforms) = preSolution
		Debug|Any CPU = Debug|Any CPU
		Release|Any CPU = Release|Any CPU
	EndGlobalSection
	GlobalSection(ProjectConfigurationPlatforms) = postSolution
		{FAA40016-254A-4705-A5CA-3B9299036BFF}.Debug|Any CPU.ActiveCfg = Debug|Any CPU
		{FAA40016-254A-4705-A5CA-3B9299036BFF}.Debug|Any CPU.Build.0 = Debug|Any CPU
		{FAA40016-254A-4705-A5CA-3B9299036BFF}.Release|Any CPU.ActiveCfg = Release|Any CPU
		{FAA40016-254A-4705-A5CA-3B9299036BFF}.Release|Any CPU.Build.0 = Release|Any CPU
		{D85041BD-3EA4-472C-87D9-63BC4D5D63A6}.Debug|Any CPU.ActiveCfg = Debug|Any CPU
		{D85041BD-3EA4-472C-87D9-63BC4D5D63A6}.Debug|Any CPU.Build.0 = Debug|Any CPU
		{D85041BD-3EA4-472C-87D9-63BC4D5D63A6}.Release|Any CPU.ActiveCfg = Release|Any CPU
		{D85041BD-3EA4-472C-87D9-63BC4D5D63A6}.Release|Any CPU.Build.0 = Release|Any CPU
		{8A3ECE3E-BECA-464A-AE0D-5D87322B28F9}.Debug|Any CPU.ActiveCfg = Debug|Any CPU
		{8A3ECE3E-BECA-464A-AE0D-5D87322B28F9}.Debug|Any CPU.Build.0 = Debug|Any CPU
		{8A3ECE3E-BECA-464A-AE0D-5D87322B28F9}.Release|Any CPU.ActiveCfg = Release|Any CPU
		{8A3ECE3E-BECA-464A-AE0D-5D87322B28F9}.Release|Any CPU.Build.0 = Release|Any CPU
	EndGlobalSection
	GlobalSection(SolutionProperties) = preSolution
		HideSolutionNode = FALSE
	EndGlobalSection
	GlobalSection(ExtensibilityGlobals) = postSolution
		SolutionGuid = {DA6BD4F5-12D0-4AAA-ACD7-BF5CF68A2D13}
	EndGlobalSection
EndGlobal
